
Microsoft Visual Studio Solution File, Format Version 12.00
# Visual Studio Version 17
VisualStudioVersion = 17.14.37614.0 d17.14
MinimumVisualStudioVersion = 10.0.40219.1
Project("{FAE04EC0-301F-11D3-BF4B-00C04F79EFBC}") = "test-elctro-counters-back", "test-elctro-counters-back\test-elctro-counters-back.csproj", "{A1C57E62-566B-4FCB-A99B-F33E3B6901A9}"
EndProject
Global
	GlobalSection(SolutionConfigurationPlatforms) = preSolution
		Debug|Any CPU = Debug|Any CPU
		Release|Any CPU = Release|Any CPU
	EndGlobalSection
	GlobalSection(ProjectConfigurationPlatforms) = postSolution
		{A1C57E62-566B-4FCB-A99B-F33E3B6901A9}.Debug|Any CPU.ActiveCfg = Debug|Any CPU
		{A1C57E62-566B-4FCB-A99B-F33E3B6901A9}.Debug|Any CPU.Build.0 = Debug|Any CPU
		{A1C57E62-566B-4FCB-A99B-F33E3B6901A9}.Release|Any CPU.ActiveCfg = Release|Any CPU
		{A1C57E62-566B-4FCB-A99B-F33E3B6901A9}.Release|Any CPU.Build.0 = Release|Any CPU
	EndGlobalSection
	GlobalSection(SolutionProperties) = preSolution
		HideSolutionNode = FALSE
	EndGlobalSection
	GlobalSection(ExtensibilityGlobals) = postSolution
		SolutionGuid = {6B8B5879-1C03-4FE7-9BDB-31D058F82D96}
	EndGlobalSection
EndGlobal
